
Microsoft Visual Studio Solution File, Format Version 12.00
# Visual Studio Version 16
VisualStudioVersion = 16.0.29503.13
MinimumVisualStudioVersion = 10.0.40219.1
Project("{FAE04EC0-301F-11D3-BF4B-00C04F79EFBC}") = "SmartChargingAPI", "src\SmartChargingAPI\SmartChargingAPI.csproj", "{A27609F8-AF57-4718-A043-2954E3D432D4}"
EndProject
Project("{2150E333-8FDC-42A3-9474-1A3956D46DE8}") = "src", "src", "{E0B14444-63F4-4237-945D-131EFE849706}"
EndProject
Project("{2150E333-8FDC-42A3-9474-1A3956D46DE8}") = "SmartChargingAPI", "SmartChargingAPI", "{1AF4621E-FC39-495A-9DF2-3293468F488B}"
EndProject
Project("{FAE04EC0-301F-11D3-BF4B-00C04F79EFBC}") = "Application", "src\Application\Application.csproj", "{B0283F1B-0694-4100-990F-31E6DC236AAF}"
EndProject
Project("{2150E333-8FDC-42A3-9474-1A3956D46DE8}") = "Application", "Application", "{4F0193A3-BF0C-4668-8732-A7B47DBE6844}"
EndProject
Project("{FAE04EC0-301F-11D3-BF4B-00C04F79EFBC}") = "Domain", "src\Domain\Domain.csproj", "{C98C627A-4B7E-4F27-B2CE-EDA4F49F6545}"
EndProject
Project("{2150E333-8FDC-42A3-9474-1A3956D46DE8}") = "Domain", "Domain", "{E9AC486A-C88F-42ED-8C6B-F53C0F459533}"
EndProject
Project("{2150E333-8FDC-42A3-9474-1A3956D46DE8}") = "Infrastructure", "Infrastructure", "{173B3D93-468C-4F12-B8A7-1F86A56ADF4A}"
EndProject
Project("{FAE04EC0-301F-11D3-BF4B-00C04F79EFBC}") = "Infrastructure", "src\Infrastructure\Infrastructure.csproj", "{2D6209D6-7BEC-4AA7-8147-DDB79E84D602}"
EndProject
Global
	GlobalSection(SolutionConfigurationPlatforms) = preSolution
		Debug|Any CPU = Debug|Any CPU
		Release|Any CPU = Release|Any CPU
	EndGlobalSection
	GlobalSection(ProjectConfigurationPlatforms) = postSolution
		{A27609F8-AF57-4718-A043-2954E3D432D4}.Debug|Any CPU.ActiveCfg = Debug|Any CPU
		{A27609F8-AF57-4718-A043-2954E3D432D4}.Debug|Any CPU.Build.0 = Debug|Any CPU
		{A27609F8-AF57-4718-A043-2954E3D432D4}.Release|Any CPU.ActiveCfg = Release|Any CPU
		{A27609F8-AF57-4718-A043-2954E3D432D4}.Release|Any CPU.Build.0 = Release|Any CPU
		{B0283F1B-0694-4100-990F-31E6DC236AAF}.Debug|Any CPU.ActiveCfg = Debug|Any CPU
		{B0283F1B-0694-4100-990F-31E6DC236AAF}.Debug|Any CPU.Build.0 = Debug|Any CPU
		{B0283F1B-0694-4100-990F-31E6DC236AAF}.Release|Any CPU.ActiveCfg = Release|Any CPU
		{B0283F1B-0694-4100-990F-31E6DC236AAF}.Release|Any CPU.Build.0 = Release|Any CPU
		{C98C627A-4B7E-4F27-B2CE-EDA4F49F6545}.Debug|Any CPU.ActiveCfg = Debug|Any CPU
		{C98C627A-4B7E-4F27-B2CE-EDA4F49F6545}.Debug|Any CPU.Build.0 = Debug|Any CPU
		{C98C627A-4B7E-4F27-B2CE-EDA4F49F6545}.Release|Any CPU.ActiveCfg = Release|Any CPU
		{C98C627A-4B7E-4F27-B2CE-EDA4F49F6545}.Release|Any CPU.Build.0 = Release|Any CPU
		{2D6209D6-7BEC-4AA7-8147-DDB79E84D602}.Debug|Any CPU.ActiveCfg = Debug|Any CPU
		{2D6209D6-7BEC-4AA7-8147-DDB79E84D602}.Debug|Any CPU.Build.0 = Debug|Any CPU
		{2D6209D6-7BEC-4AA7-8147-DDB79E84D602}.Release|Any CPU.ActiveCfg = Release|Any CPU
		{2D6209D6-7BEC-4AA7-8147-DDB79E84D602}.Release|Any CPU.Build.0 = Release|Any CPU
	EndGlobalSection
	GlobalSection(SolutionProperties) = preSolution
		HideSolutionNode = FALSE
	EndGlobalSection
	GlobalSection(NestedProjects) = preSolution
		{A27609F8-AF57-4718-A043-2954E3D432D4} = {1AF4621E-FC39-495A-9DF2-3293468F488B}
		{1AF4621E-FC39-495A-9DF2-3293468F488B} = {E0B14444-63F4-4237-945D-131EFE849706}
		{B0283F1B-0694-4100-990F-31E6DC236AAF} = {4F0193A3-BF0C-4668-8732-A7B47DBE6844}
		{4F0193A3-BF0C-4668-8732-A7B47DBE6844} = {E0B14444-63F4-4237-945D-131EFE849706}
		{C98C627A-4B7E-4F27-B2CE-EDA4F49F6545} = {E9AC486A-C88F-42ED-8C6B-F53C0F459533}
		{E9AC486A-C88F-42ED-8C6B-F53C0F459533} = {E0B14444-63F4-4237-945D-131EFE849706}
		{173B3D93-468C-4F12-B8A7-1F86A56ADF4A} = {E0B14444-63F4-4237-945D-131EFE849706}
		{2D6209D6-7BEC-4AA7-8147-DDB79E84D602} = {173B3D93-468C-4F12-B8A7-1F86A56ADF4A}
	EndGlobalSection
	GlobalSection(ExtensibilityGlobals) = postSolution
		SolutionGuid = {D4FAE6D0-BD62-4467-BB8A-E4F309A10674}
	EndGlobalSection
EndGlobal
